{
  "name": "pdf-parser",
  "version": "1.0.0",
  "lockfileVersion": 2,
  "requires": true,
  "packages": {
    "": {
      "name": "pdf-parser",
      "version": "1.0.0",
      "license": "ISC",
      "dependencies": {
        "fs": "^0.0.1-security",
        "pdf2json": "^3.0.4"
      }
    },
    "node_modules/fs": {
      "version": "0.0.1-security",
      "resolved": "https://registry.npmjs.org/fs/-/fs-0.0.1-security.tgz",
      "integrity": "sha512-3XY9e1pP0CVEUCdj5BmfIZxRBTSDycnbqhIOGec9QYtmVH2fbLpj86CFWkrNOkt/Fvty4KZG5lTglL9j/gJ87w=="
    },
    "node_modules/pdf2json": {
      "version": "3.0.4",
      "resolved": "https://registry.npmjs.org/pdf2json/-/pdf2json-3.0.4.tgz",
      "integrity": "sha512-NKmSg78W5V/T3Qvp+TPkYeARdP/XzxBTlhRGdDMrOI1beyI72JxW5u4yy5825ge3opzu4HF0xDgg+HZbYvbr4g==",
      "bundleDependencies": [
        "@xmldom/xmldom"
      ],
      "dependencies": {
        "@xmldom/xmldom": "^0.8.6"
      },
      "bin": {
        "pdf2json": "bin/pdf2json.js"
      },
      "engines": {
        "node": ">=18.12.1",
        "npm": ">=8.19.2"
      }
    },
    "node_modules/pdf2json/node_modules/@xmldom/xmldom": {
      "version": "0.8.7",
      "inBundle": true,
      "license": "MIT",
      "engines": {
        "node": ">=10.0.0"
      }
    }
  },
  "dependencies": {
    "fs": {
      "version": "0.0.1-security",
      "resolved": "https://registry.npmjs.org/fs/-/fs-0.0.1-security.tgz",
      "integrity": "sha512-3XY9e1pP0CVEUCdj5BmfIZxRBTSDycnbqhIOGec9QYtmVH2fbLpj86CFWkrNOkt/Fvty4KZG5lTglL9j/gJ87w=="
    },
    "pdf2json": {
      "version": "3.0.4",
      "resolved": "https://registry.npmjs.org/pdf2json/-/pdf2json-3.0.4.tgz",
      "integrity": "sha512-NKmSg78W5V/T3Qvp+TPkYeARdP/XzxBTlhRGdDMrOI1beyI72JxW5u4yy5825ge3opzu4HF0xDgg+HZbYvbr4g==",
      "requires": {
        "@xmldom/xmldom": "^0.8.6"
      },
      "dependencies": {
        "@xmldom/xmldom": {
          "version": "0.8.7",
          "bundled": true
        }
      }
    }
  }
}
